
Microsoft Visual Studio Solution File, Format Version 12.00
# Visual Studio 15
VisualStudioVersion = 15.0.28010.2026
MinimumVisualStudioVersion = 10.0.40219.1
Project("{FAE04EC0-301F-11D3-BF4B-00C04F79EFBC}") = "TrashCollecter", "TrashCollecter\TrashCollecter.csproj", "{C07D5D78-8391-4BB8-9F89-3F6BD7F3E460}"
EndProject
Global
	GlobalSection(SolutionConfigurationPlatforms) = preSolution
		Debug|Any CPU = Debug|Any CPU
		Release|Any CPU = Release|Any CPU
	EndGlobalSection
	GlobalSection(ProjectConfigurationPlatforms) = postSolution
		{C07D5D78-8391-4BB8-9F89-3F6BD7F3E460}.Debug|Any CPU.ActiveCfg = Debug|Any CPU
		{C07D5D78-8391-4BB8-9F89-3F6BD7F3E460}.Debug|Any CPU.Build.0 = Debug|Any CPU
		{C07D5D78-8391-4BB8-9F89-3F6BD7F3E460}.Release|Any CPU.ActiveCfg = Release|Any CPU
		{C07D5D78-8391-4BB8-9F89-3F6BD7F3E460}.Release|Any CPU.Build.0 = Release|Any CPU
	EndGlobalSection
	GlobalSection(SolutionProperties) = preSolution
		HideSolutionNode = FALSE
	EndGlobalSection
	GlobalSection(ExtensibilityGlobals) = postSolution
		SolutionGuid = {A307E65F-BF12-4A53-ADB5-66C3B4A09A2E}
	EndGlobalSection
EndGlobal
